
Microsoft Visual Studio Solution File, Format Version 12.00
# Visual Studio Version 16
VisualStudioVersion = 16.0.30907.101
MinimumVisualStudioVersion = 10.0.40219.1
Project("{FAE04EC0-301F-11D3-BF4B-00C04F79EFBC}") = "ExamenFinal2", "ExamenFinal2\ExamenFinal2.csproj", "{38D32CF6-FA58-4A15-827E-6A91B15775AF}"
EndProject
Global
	GlobalSection(SolutionConfigurationPlatforms) = preSolution
		Debug|Any CPU = Debug|Any CPU
		Release|Any CPU = Release|Any CPU
	EndGlobalSection
	GlobalSection(ProjectConfigurationPlatforms) = postSolution
		{38D32CF6-FA58-4A15-827E-6A91B15775AF}.Debug|Any CPU.ActiveCfg = Debug|Any CPU
		{38D32CF6-FA58-4A15-827E-6A91B15775AF}.Debug|Any CPU.Build.0 = Debug|Any CPU
		{38D32CF6-FA58-4A15-827E-6A91B15775AF}.Release|Any CPU.ActiveCfg = Release|Any CPU
		{38D32CF6-FA58-4A15-827E-6A91B15775AF}.Release|Any CPU.Build.0 = Release|Any CPU
	EndGlobalSection
	GlobalSection(SolutionProperties) = preSolution
		HideSolutionNode = FALSE
	EndGlobalSection
	GlobalSection(ExtensibilityGlobals) = postSolution
		SolutionGuid = {563084CA-0393-4B2B-A607-4B4A1C4A32DE}
	EndGlobalSection
EndGlobal
